// !$*UTF8*$!
{
	archiveVersion = 1;
	classes = {
	};
	objectVersion = 46;
	objects = {

/* Begin PBXBuildFile section */
		0E1B5BE51E67F6F400003D1C /* CKCoreDataImporterBase.m in Sources */ = {isa = PBXBuildFile; fileRef = 0E1B5BE41E67F6F400003D1C /* CKCoreDataImporterBase.m */; };
		0E1BD8CF1E65006D004D56F7 /* CKCoreDataHelper.h in Headers */ = {isa = PBXBuildFile; fileRef = 0E1BD8CE1E65006D004D56F7 /* CKCoreDataHelper.h */; settings = {ATTRIBUTES = (Public, ); }; };
		0E1BD8D61E65006D004D56F7 /* CKCoreDataHelper.framework in Frameworks */ = {isa = PBXBuildFile; fileRef = 0E1BD8CB1E65006D004D56F7 /* CKCoreDataHelper.framework */; };
		0E1BD8DB1E65006D004D56F7 /* CKCoreDataHelperTests.m in Sources */ = {isa = PBXBuildFile; fileRef = 0E1BD8DA1E65006D004D56F7 /* CKCoreDataHelperTests.m */; };
		0E1BD91A1E6501D0004D56F7 /* CKCoreDataManager.h in Headers */ = {isa = PBXBuildFile; fileRef = 0E1BD9161E6501D0004D56F7 /* CKCoreDataManager.h */; };
		0E1BD91B1E6501D0004D56F7 /* CKCoreDataManager.m in Sources */ = {isa = PBXBuildFile; fileRef = 0E1BD9171E6501D0004D56F7 /* CKCoreDataManager.m */; };
		0E1BD91C1E6501D0004D56F7 /* CKCoreDataViewController.h in Headers */ = {isa = PBXBuildFile; fileRef = 0E1BD9181E6501D0004D56F7 /* CKCoreDataViewController.h */; };
		0E1BD91D1E6501D0004D56F7 /* CKCoreDataViewController.m in Sources */ = {isa = PBXBuildFile; fileRef = 0E1BD9191E6501D0004D56F7 /* CKCoreDataViewController.m */; };
		0E1BD9201E6506ED004D56F7 /* CKCoreDataImporter.h in Headers */ = {isa = PBXBuildFile; fileRef = 0E1BD91E1E6506ED004D56F7 /* CKCoreDataImporter.h */; };
		0E1BD9241E6507AB004D56F7 /* CKCoreDataXMLImporter.h in Headers */ = {isa = PBXBuildFile; fileRef = 0E1BD9221E6507AB004D56F7 /* CKCoreDataXMLImporter.h */; };
		0E1BD9251E6507AB004D56F7 /* CKCoreDataXMLImporter.m in Sources */ = {isa = PBXBuildFile; fileRef = 0E1BD9231E6507AB004D56F7 /* CKCoreDataXMLImporter.m */; };
		0E1BD9281E6507B8004D56F7 /* CKCoreDataJSONImporter.h in Headers */ = {isa = PBXBuildFile; fileRef = 0E1BD9261E6507B8004D56F7 /* CKCoreDataJSONImporter.h */; };
		0E1BD9291E6507B8004D56F7 /* CKCoreDataJSONImporter.m in Sources */ = {isa = PBXBuildFile; fileRef = 0E1BD9271E6507B8004D56F7 /* CKCoreDataJSONImporter.m */; };
		0E1BD92B1E651215004D56F7 /* CKCoreDataImporter.m in Sources */ = {isa = PBXBuildFile; fileRef = 0E1BD92A1E651215004D56F7 /* CKCoreDataImporter.m */; };
		0E4C53041E665B2F00729A91 /* CKCoreDataXMLImporterTests.m in Sources */ = {isa = PBXBuildFile; fileRef = 0E4C53031E665B2F00729A91 /* CKCoreDataXMLImporterTests.m */; };
		0E4C53071E665B5400729A91 /* Model.xcdatamodeld in Sources */ = {isa = PBXBuildFile; fileRef = 0E4C53051E665B5400729A91 /* Model.xcdatamodeld */; };
		0E4C530B1E665B9A00729A91 /* preload_product.xml in Resources */ = {isa = PBXBuildFile; fileRef = 0E4C530A1E665B9A00729A91 /* preload_product.xml */; };
		0E4C53141E665C3F00729A91 /* Shop+CoreDataProperties.m in Sources */ = {isa = PBXBuildFile; fileRef = 0E4C530D1E665C3F00729A91 /* Shop+CoreDataProperties.m */; };
		0E4C53151E665C3F00729A91 /* Shop.m in Sources */ = {isa = PBXBuildFile; fileRef = 0E4C530F1E665C3F00729A91 /* Shop.m */; };
		0E4C53161E665C3F00729A91 /* Product+CoreDataProperties.m in Sources */ = {isa = PBXBuildFile; fileRef = 0E4C53111E665C3F00729A91 /* Product+CoreDataProperties.m */; };
		0E4C53171E665C3F00729A91 /* Product.m in Sources */ = {isa = PBXBuildFile; fileRef = 0E4C53131E665C3F00729A91 /* Product.m */; };
		0E4C53191E665CBD00729A91 /* preload_product_withoutrel.json in Resources */ = {isa = PBXBuildFile; fileRef = 0E4C53181E665CBD00729A91 /* preload_product_withoutrel.json */; };
		0E4C531B1E665D0D00729A91 /* preload_shop.xml in Resources */ = {isa = PBXBuildFile; fileRef = 0E4C531A1E665D0D00729A91 /* preload_shop.xml */; };
		0E4C531D1E665D1500729A91 /* preload_shop.json in Resources */ = {isa = PBXBuildFile; fileRef = 0E4C531C1E665D1500729A91 /* preload_shop.json */; };
		0E4C531F1E665E2700729A91 /* CKCoreDataManagerTests.m in Sources */ = {isa = PBXBuildFile; fileRef = 0E4C531E1E665E2700729A91 /* CKCoreDataManagerTests.m */; };
		0EDF178F1E67B93E00785659 /* NSDate+ConventKit.h in Headers */ = {isa = PBXBuildFile; fileRef = 0EDF178D1E67B93E00785659 /* NSDate+ConventKit.h */; };
		0EDF17901E67B93E00785659 /* NSDate+ConventKit.m in Sources */ = {isa = PBXBuildFile; fileRef = 0EDF178E1E67B93E00785659 /* NSDate+ConventKit.m */; };
		0EDF17931E67CBA300785659 /* preload_product_withoutrel.xml in Resources */ = {isa = PBXBuildFile; fileRef = 0EDF17921E67CBA300785659 /* preload_product_withoutrel.xml */; };
		0EDF17951E67DEA200785659 /* CKCoreDataJSONImportTests.m in Sources */ = {isa = PBXBuildFile; fileRef = 0EDF17941E67DEA200785659 /* CKCoreDataJSONImportTests.m */; };
		0EDF17971E67DF7300785659 /* preload_product.json in Resources */ = {isa = PBXBuildFile; fileRef = 0EDF17961E67DF7300785659 /* preload_product.json */; };
/* End PBXBuildFile section */

/* Begin PBXContainerItemProxy section */
		0E1BD8D71E65006D004D56F7 /* PBXContainerItemProxy */ = {
			isa = PBXContainerItemProxy;
			containerPortal = 0E1BD8C21E65006D004D56F7 /* Project object */;
			proxyType = 1;
			remoteGlobalIDString = 0E1BD8CA1E65006D004D56F7;
			remoteInfo = CKCoreDataHelper;
		};
/* End PBXContainerItemProxy section */

/* Begin PBXFileReference section */
		0E1B5BE41E67F6F400003D1C /* CKCoreDataImporterBase.m */ = {isa = PBXFileReference; fileEncoding = 4; lastKnownFileType = sourcecode.c.objc; path = CKCoreDataImporterBase.m; sourceTree = "<group>"; };
		0E1B5BE61E67F76000003D1C /* CKCoreDataImporterBase.h */ = {isa = PBXFileReference; lastKnownFileType = sourcecode.c.h; path = CKCoreDataImporterBase.h; sourceTree = "<group>"; };
		0E1BD8CB1E65006D004D56F7 /* CKCoreDataHelper.framework */ = {isa = PBXFileReference; explicitFileType = wrapper.framework; includeInIndex = 0; path = CKCoreDataHelper.framework; sourceTree = BUILT_PRODUCTS_DIR; };
		0E1BD8CE1E65006D004D56F7 /* CKCoreDataHelper.h */ = {isa = PBXFileReference; lastKnownFileType = sourcecode.c.h; path = CKCoreDataHelper.h; sourceTree = "<group>"; };
		0E1BD8D01E65006D004D56F7 /* Info.plist */ = {isa = PBXFileReference; lastKnownFileType = text.plist.xml; path = Info.plist; sourceTree = "<group>"; };
		0E1BD8D51E65006D004D56F7 /* CKCoreDataHelperTests.xctest */ = {isa = PBXFileReference; explicitFileType = wrapper.cfbundle; includeInIndex = 0; path = CKCoreDataHelperTests.xctest; sourceTree = BUILT_PRODUCTS_DIR; };
		0E1BD8DA1E65006D004D56F7 /* CKCoreDataHelperTests.m */ = {isa = PBXFileReference; lastKnownFileType = sourcecode.c.objc; path = CKCoreDataHelperTests.m; sourceTree = "<group>"; };
		0E1BD8DC1E65006D004D56F7 /* Info.plist */ = {isa = PBXFileReference; lastKnownFileType = text.plist.xml; path = Info.plist; sourceTree = "<group>"; };
		0E1BD9161E6501D0004D56F7 /* CKCoreDataManager.h */ = {isa = PBXFileReference; fileEncoding = 4; lastKnownFileType = sourcecode.c.h; path = CKCoreDataManager.h; sourceTree = "<group>"; };
		0E1BD9171E6501D0004D56F7 /* CKCoreDataManager.m */ = {isa = PBXFileReference; fileEncoding = 4; lastKnownFileType = sourcecode.c.objc; path = CKCoreDataManager.m; sourceTree = "<group>"; };
		0E1BD9181E6501D0004D56F7 /* CKCoreDataViewController.h */ = {isa = PBXFileReference; fileEncoding = 4; lastKnownFileType = sourcecode.c.h; path = CKCoreDataViewController.h; sourceTree = "<group>"; };
		0E1BD9191E6501D0004D56F7 /* CKCoreDataViewController.m */ = {isa = PBXFileReference; fileEncoding = 4; lastKnownFileType = sourcecode.c.objc; path = CKCoreDataViewController.m; sourceTree = "<group>"; };
		0E1BD91E1E6506ED004D56F7 /* CKCoreDataImporter.h */ = {isa = PBXFileReference; fileEncoding = 4; lastKnownFileType = sourcecode.c.h; path = CKCoreDataImporter.h; sourceTree = "<group>"; };
		0E1BD9221E6507AB004D56F7 /* CKCoreDataXMLImporter.h */ = {isa = PBXFileReference; fileEncoding = 4; lastKnownFileType = sourcecode.c.h; path = CKCoreDataXMLImporter.h; sourceTree = "<group>"; };
		0E1BD9231E6507AB004D56F7 /* CKCoreDataXMLImporter.m */ = {isa = PBXFileReference; fileEncoding = 4; lastKnownFileType = sourcecode.c.objc; path = CKCoreDataXMLImporter.m; sourceTree = "<group>"; };
		0E1BD9261E6507B8004D56F7 /* CKCoreDataJSONImporter.h */ = {isa = PBXFileReference; fileEncoding = 4; lastKnownFileType = sourcecode.c.h; path = CKCoreDataJSONImporter.h; sourceTree = "<group>"; };
		0E1BD9271E6507B8004D56F7 /* CKCoreDataJSONImporter.m */ = {isa = PBXFileReference; fileEncoding = 4; lastKnownFileType = sourcecode.c.objc; path = CKCoreDataJSONImporter.m; sourceTree = "<group>"; };
		0E1BD92A1E651215004D56F7 /* CKCoreDataImporter.m */ = {isa = PBXFileReference; fileEncoding = 4; lastKnownFileType = sourcecode.c.objc; path = CKCoreDataImporter.m; sourceTree = "<group>"; };
		0E4C53031E665B2F00729A91 /* CKCoreDataXMLImporterTests.m */ = {isa = PBXFileReference; fileEncoding = 4; lastKnownFileType = sourcecode.c.objc; path = CKCoreDataXMLImporterTests.m; sourceTree = "<group>"; };
		0E4C53061E665B5400729A91 /* Model.xcdatamodel */ = {isa = PBXFileReference; lastKnownFileType = wrapper.xcdatamodel; path = Model.xcdatamodel; sourceTree = "<group>"; };
		0E4C530A1E665B9A00729A91 /* preload_product.xml */ = {isa = PBXFileReference; fileEncoding = 4; lastKnownFileType = text.xml; path = preload_product.xml; sourceTree = "<group>"; };
		0E4C530C1E665C3F00729A91 /* Shop+CoreDataProperties.h */ = {isa = PBXFileReference; fileEncoding = 4; lastKnownFileType = sourcecode.c.h; path = "Shop+CoreDataProperties.h"; sourceTree = "<group>"; };
		0E4C530D1E665C3F00729A91 /* Shop+CoreDataProperties.m */ = {isa = PBXFileReference; fileEncoding = 4; lastKnownFileType = sourcecode.c.objc; path = "Shop+CoreDataProperties.m"; sourceTree = "<group>"; };
		0E4C530E1E665C3F00729A91 /* Shop.h */ = {isa = PBXFileReference; fileEncoding = 4; lastKnownFileType = sourcecode.c.h; path = Shop.h; sourceTree = "<group>"; };
		0E4C530F1E665C3F00729A91 /* Shop.m */ = {isa = PBXFileReference; fileEncoding = 4; lastKnownFileType = sourcecode.c.objc; path = Shop.m; sourceTree = "<group>"; };
		0E4C53101E665C3F00729A91 /* Product+CoreDataProperties.h */ = {isa = PBXFileReference; fileEncoding = 4; lastKnownFileType = sourcecode.c.h; path = "Product+CoreDataProperties.h"; sourceTree = "<group>"; };
		0E4C53111E665C3F00729A91 /* Product+CoreDataProperties.m */ = {isa = PBXFileReference; fileEncoding = 4; lastKnownFileType = sourcecode.c.objc; path = "Product+CoreDataProperties.m"; sourceTree = "<group>"; };
		0E4C53121E665C3F00729A91 /* Product.h */ = {isa = PBXFileReference; fileEncoding = 4; lastKnownFileType = sourcecode.c.h; path = Product.h; sourceTree = "<group>"; };
		0E4C53131E665C3F00729A91 /* Product.m */ = {isa = PBXFileReference; fileEncoding = 4; lastKnownFileType = sourcecode.c.objc; path = Product.m; sourceTree = "<group>"; };
		0E4C53181E665CBD00729A91 /* preload_product_withoutrel.json */ = {isa = PBXFileReference; fileEncoding = 4; lastKnownFileType = text.json; path = preload_product_withoutrel.json; sourceTree = "<group>"; };
		0E4C531A1E665D0D00729A91 /* preload_shop.xml */ = {isa = PBXFileReference; fileEncoding = 4; lastKnownFileType = text.xml; path = preload_shop.xml; sourceTree = "<group>"; };
		0E4C531C1E665D1500729A91 /* preload_shop.json */ = {isa = PBXFileReference; fileEncoding = 4; lastKnownFileType = text.json; path = preload_shop.json; sourceTree = "<group>"; };
		0E4C531E1E665E2700729A91 /* CKCoreDataManagerTests.m */ = {isa = PBXFileReference; fileEncoding = 4; lastKnownFileType = sourcecode.c.objc; path = CKCoreDataManagerTests.m; sourceTree = "<group>"; };
		0EDF17891E67A11000785659 /* Model v2.xcdatamodel */ = {isa = PBXFileReference; lastKnownFileType = wrapper.xcdatamodel; path = "Model v2.xcdatamodel"; sourceTree = "<group>"; };
		0EDF178C1E67B87200785659 /* Model v3.xcdatamodel */ = {isa = PBXFileReference; lastKnownFileType = wrapper.xcdatamodel; path = "Model v3.xcdatamodel"; sourceTree = "<group>"; };
		0EDF178D1E67B93E00785659 /* NSDate+ConventKit.h */ = {isa = PBXFileReference; fileEncoding = 4; lastKnownFileType = sourcecode.c.h; path = "NSDate+ConventKit.h"; sourceTree = "<group>"; };
		0EDF178E1E67B93E00785659 /* NSDate+ConventKit.m */ = {isa = PBXFileReference; fileEncoding = 4; lastKnownFileType = sourcecode.c.objc; path = "NSDate+ConventKit.m"; sourceTree = "<group>"; };
		0EDF17911E67BE9F00785659 /* Model v4.xcdatamodel */ = {isa = PBXFileReference; lastKnownFileType = wrapper.xcdatamodel; path = "Model v4.xcdatamodel"; sourceTree = "<group>"; };
		0EDF17921E67CBA300785659 /* preload_product_withoutrel.xml */ = {isa = PBXFileReference; fileEncoding = 4; lastKnownFileType = text.xml; path = preload_product_withoutrel.xml; sourceTree = "<group>"; };
		0EDF17941E67DEA200785659 /* CKCoreDataJSONImportTests.m */ = {isa = PBXFileReference; fileEncoding = 4; lastKnownFileType = sourcecode.c.objc; path = CKCoreDataJSONImportTests.m; sourceTree = "<group>"; };
		0EDF17961E67DF7300785659 /* preload_product.json */ = {isa = PBXFileReference; fileEncoding = 4; lastKnownFileType = text.json; path = preload_product.json; sourceTree = "<group>"; };
/* End PBXFileReference section */

/* Begin PBXFrameworksBuildPhase section */
		0E1BD8C71E65006D004D56F7 /* Frameworks */ = {
			isa = PBXFrameworksBuildPhase;
			buildActionMask = 2147483647;
			files = (
			);
			runOnlyForDeploymentPostprocessing = 0;
		};
		0E1BD8D21E65006D004D56F7 /* Frameworks */ = {
			isa = PBXFrameworksBuildPhase;
			buildActionMask = 2147483647;
			files = (
				0E1BD8D61E65006D004D56F7 /* CKCoreDataHelper.framework in Frameworks */,
			);
			runOnlyForDeploymentPostprocessing = 0;
		};
/* End PBXFrameworksBuildPhase section */

/* Begin PBXGroup section */
		0E1BD8C11E65006D004D56F7 = {
			isa = PBXGroup;
			children = (
				0E1BD8CD1E65006D004D56F7 /* CKCoreDataHelper */,
				0E1BD8D91E65006D004D56F7 /* CKCoreDataHelperTests */,
				0E1BD8CC1E65006D004D56F7 /* Products */,
			);
			sourceTree = "<group>";
		};
		0E1BD8CC1E65006D004D56F7 /* Products */ = {
			isa = PBXGroup;
			children = (
				0E1BD8CB1E65006D004D56F7 /* CKCoreDataHelper.framework */,
				0E1BD8D51E65006D004D56F7 /* CKCoreDataHelperTests.xctest */,
			);
			name = Products;
			sourceTree = "<group>";
		};
		0E1BD8CD1E65006D004D56F7 /* CKCoreDataHelper */ = {
			isa = PBXGroup;
			children = (
				0E1BD8CE1E65006D004D56F7 /* CKCoreDataHelper.h */,
				0EDF178D1E67B93E00785659 /* NSDate+ConventKit.h */,
				0EDF178E1E67B93E00785659 /* NSDate+ConventKit.m */,
				0E1BD91E1E6506ED004D56F7 /* CKCoreDataImporter.h */,
				0E1BD92A1E651215004D56F7 /* CKCoreDataImporter.m */,
				0E1BD9221E6507AB004D56F7 /* CKCoreDataXMLImporter.h */,
				0E1BD9231E6507AB004D56F7 /* CKCoreDataXMLImporter.m */,
				0E1BD9261E6507B8004D56F7 /* CKCoreDataJSONImporter.h */,
				0E1BD9271E6507B8004D56F7 /* CKCoreDataJSONImporter.m */,
				0E1BD9161E6501D0004D56F7 /* CKCoreDataManager.h */,
				0E1BD9171E6501D0004D56F7 /* CKCoreDataManager.m */,
				0E1BD9181E6501D0004D56F7 /* CKCoreDataViewController.h */,
				0E1BD9191E6501D0004D56F7 /* CKCoreDataViewController.m */,
				0E1BD8D01E65006D004D56F7 /* Info.plist */,
			);
			path = CKCoreDataHelper;
			sourceTree = "<group>";
		};
		0E1BD8D91E65006D004D56F7 /* CKCoreDataHelperTests */ = {
			isa = PBXGroup;
			children = (
				0E4C53091E665B6D00729A91 /* Data */,
				0E4C53081E665B5B00729A91 /* Models */,
				0E4C53031E665B2F00729A91 /* CKCoreDataXMLImporterTests.m */,
				0EDF17941E67DEA200785659 /* CKCoreDataJSONImportTests.m */,
				0E1B5BE61E67F76000003D1C /* CKCoreDataImporterBase.h */,
				0E1B5BE41E67F6F400003D1C /* CKCoreDataImporterBase.m */,
				0E4C531E1E665E2700729A91 /* CKCoreDataManagerTests.m */,
				0E1BD8DA1E65006D004D56F7 /* CKCoreDataHelperTests.m */,
				0E1BD8DC1E65006D004D56F7 /* Info.plist */,
			);
			path = CKCoreDataHelperTests;
			sourceTree = "<group>";
		};
		0E4C53081E665B5B00729A91 /* Models */ = {
			isa = PBXGroup;
			children = (
				0E4C53051E665B5400729A91 /* Model.xcdatamodeld */,
				0E4C530C1E665C3F00729A91 /* Shop+CoreDataProperties.h */,
				0E4C530D1E665C3F00729A91 /* Shop+CoreDataProperties.m */,
				0E4C530E1E665C3F00729A91 /* Shop.h */,
				0E4C530F1E665C3F00729A91 /* Shop.m */,
				0E4C53101E665C3F00729A91 /* Product+CoreDataProperties.h */,
				0E4C53111E665C3F00729A91 /* Product+CoreDataProperties.m */,
				0E4C53121E665C3F00729A91 /* Product.h */,
				0E4C53131E665C3F00729A91 /* Product.m */,
			);
			name = Models;
			sourceTree = "<group>";
		};
		0E4C53091E665B6D00729A91 /* Data */ = {
			isa = PBXGroup;
			children = (
				0E4C530A1E665B9A00729A91 /* preload_product.xml */,
				0EDF17921E67CBA300785659 /* preload_product_withoutrel.xml */,
				0EDF17961E67DF7300785659 /* preload_product.json */,
				0E4C53181E665CBD00729A91 /* preload_product_withoutrel.json */,
				0E4C531A1E665D0D00729A91 /* preload_shop.xml */,
				0E4C531C1E665D1500729A91 /* preload_shop.json */,
			);
			name = Data;
			sourceTree = "<group>";
		};
/* End PBXGroup section */

/* Begin PBXHeadersBuildPhase section */
		0E1BD8C81E65006D004D56F7 /* Headers */ = {
			isa = PBXHeadersBuildPhase;
			buildActionMask = 2147483647;
			files = (
				0E1BD91C1E6501D0004D56F7 /* CKCoreDataViewController.h in Headers */,
				0E1BD9201E6506ED004D56F7 /* CKCoreDataImporter.h in Headers */,
				0E1BD9241E6507AB004D56F7 /* CKCoreDataXMLImporter.h in Headers */,
				0EDF178F1E67B93E00785659 /* NSDate+ConventKit.h in Headers */,
				0E1BD9281E6507B8004D56F7 /* CKCoreDataJSONImporter.h in Headers */,
				0E1BD8CF1E65006D004D56F7 /* CKCoreDataHelper.h in Headers */,
				0E1BD91A1E6501D0004D56F7 /* CKCoreDataManager.h in Headers */,
			);
			runOnlyForDeploymentPostprocessing = 0;
		};
/* End PBXHeadersBuildPhase section */

/* Begin PBXNativeTarget section */
		0E1BD8CA1E65006D004D56F7 /* CKCoreDataHelper */ = {
			isa = PBXNativeTarget;
			buildConfigurationList = 0E1BD8DF1E65006D004D56F7 /* Build configuration list for PBXNativeTarget "CKCoreDataHelper" */;
			buildPhases = (
				0E1BD8C61E65006D004D56F7 /* Sources */,
				0E1BD8C71E65006D004D56F7 /* Frameworks */,
				0E1BD8C81E65006D004D56F7 /* Headers */,
				0E1BD8C91E65006D004D56F7 /* Resources */,
			);
			buildRules = (
			);
			dependencies = (
			);
			name = CKCoreDataHelper;
			productName = CKCoreDataHelper;
			productReference = 0E1BD8CB1E65006D004D56F7 /* CKCoreDataHelper.framework */;
			productType = "com.apple.product-type.framework";
		};
		0E1BD8D41E65006D004D56F7 /* CKCoreDataHelperTests */ = {
			isa = PBXNativeTarget;
			buildConfigurationList = 0E1BD8E21E65006D004D56F7 /* Build configuration list for PBXNativeTarget "CKCoreDataHelperTests" */;
			buildPhases = (
				0E1BD8D11E65006D004D56F7 /* Sources */,
				0E1BD8D21E65006D004D56F7 /* Frameworks */,
				0E1BD8D31E65006D004D56F7 /* Resources */,
			);
			buildRules = (
			);
			dependencies = (
				0E1BD8D81E65006D004D56F7 /* PBXTargetDependency */,
			);
			name = CKCoreDataHelperTests;
			productName = CKCoreDataHelperTests;
			productReference = 0E1BD8D51E65006D004D56F7 /* CKCoreDataHelperTests.xctest */;
			productType = "com.apple.product-type.bundle.unit-test";
		};
/* End PBXNativeTarget section */

/* Begin PBXProject section */
		0E1BD8C21E65006D004D56F7 /* Project object */ = {
			isa = PBXProject;
			attributes = {
				LastUpgradeCheck = 0730;
				ORGANIZATIONNAME = RobotBros;
				TargetAttributes = {
					0E1BD8CA1E65006D004D56F7 = {
						CreatedOnToolsVersion = 7.3.1;
					};
					0E1BD8D41E65006D004D56F7 = {
						CreatedOnToolsVersion = 7.3.1;
					};
				};
			};
			buildConfigurationList = 0E1BD8C51E65006D004D56F7 /* Build configuration list for PBXProject "CKCoreDataHelper" */;
			compatibilityVersion = "Xcode 3.2";
			developmentRegion = English;
			hasScannedForEncodings = 0;
			knownRegions = (
				en,
			);
			mainGroup = 0E1BD8C11E65006D004D56F7;
			productRefGroup = 0E1BD8CC1E65006D004D56F7 /* Products */;
			projectDirPath = "";
			projectRoot = "";
			targets = (
				0E1BD8CA1E65006D004D56F7 /* CKCoreDataHelper */,
				0E1BD8D41E65006D004D56F7 /* CKCoreDataHelperTests */,
			);
		};
/* End PBXProject section */

/* Begin PBXResourcesBuildPhase section */
		0E1BD8C91E65006D004D56F7 /* Resources */ = {
			isa = PBXResourcesBuildPhase;
			buildActionMask = 2147483647;
			files = (
			);
			runOnlyForDeploymentPostprocessing = 0;
		};
		0E1BD8D31E65006D004D56F7 /* Resources */ = {
			isa = PBXResourcesBuildPhase;
			buildActionMask = 2147483647;
			files = (
				0EDF17971E67DF7300785659 /* preload_product.json in Resources */,
				0EDF17931E67CBA300785659 /* preload_product_withoutrel.xml in Resources */,
				0E4C530B1E665B9A00729A91 /* preload_product.xml in Resources */,
				0E4C531D1E665D1500729A91 /* preload_shop.json in Resources */,
				0E4C53191E665CBD00729A91 /* preload_product_withoutrel.json in Resources */,
				0E4C531B1E665D0D00729A91 /* preload_shop.xml in Resources */,
			);
			runOnlyForDeploymentPostprocessing = 0;
		};
/* End PBXResourcesBuildPhase section */

/* Begin PBXSourcesBuildPhase section */
		0E1BD8C61E65006D004D56F7 /* Sources */ = {
			isa = PBXSourcesBuildPhase;
			buildActionMask = 2147483647;
			files = (
				0E1BD9291E6507B8004D56F7 /* CKCoreDataJSONImporter.m in Sources */,
				0E1BD92B1E651215004D56F7 /* CKCoreDataImporter.m in Sources */,
				0E1BD91B1E6501D0004D56F7 /* CKCoreDataManager.m in Sources */,
				0EDF17901E67B93E00785659 /* NSDate+ConventKit.m in Sources */,
				0E1BD91D1E6501D0004D56F7 /* CKCoreDataViewController.m in Sources */,
				0E1BD9251E6507AB004D56F7 /* CKCoreDataXMLImporter.m in Sources */,
			);
			runOnlyForDeploymentPostprocessing = 0;
		};
		0E1BD8D11E65006D004D56F7 /* Sources */ = {
			isa = PBXSourcesBuildPhase;
			buildActionMask = 2147483647;
			files = (
				0E4C53171E665C3F00729A91 /* Product.m in Sources */,
				0E4C53151E665C3F00729A91 /* Shop.m in Sources */,
				0E4C531F1E665E2700729A91 /* CKCoreDataManagerTests.m in Sources */,
				0E4C53041E665B2F00729A91 /* CKCoreDataXMLImporterTests.m in Sources */,
				0E4C53141E665C3F00729A91 /* Shop+CoreDataProperties.m in Sources */,
				0E1BD8DB1E65006D004D56F7 /* CKCoreDataHelperTests.m in Sources */,
				0E4C53071E665B5400729A91 /* Model.xcdatamodeld in Sources */,
				0E1B5BE51E67F6F400003D1C /* CKCoreDataImporterBase.m in Sources */,
				0E4C53161E665C3F00729A91 /* Product+CoreDataProperties.m in Sources */,
				0EDF17951E67DEA200785659 /* CKCoreDataJSONImportTests.m in Sources */,
			);
			runOnlyForDeploymentPostprocessing = 0;
		};
/* End PBXSourcesBuildPhase section */

/* Begin PBXTargetDependency section */
		0E1BD8D81E65006D004D56F7 /* PBXTargetDependency */ = {
			isa = PBXTargetDependency;
			target = 0E1BD8CA1E65006D004D56F7 /* CKCoreDataHelper */;
			targetProxy = 0E1BD8D71E65006D004D56F7 /* PBXContainerItemProxy */;
		};
/* End PBXTargetDependency section */

/* Begin XCBuildConfiguration section */
		0E1BD8DD1E65006D004D56F7 /* Debug */ = {
			isa = XCBuildConfiguration;
			buildSettings = {
				ALWAYS_SEARCH_USER_PATHS = NO;
				CLANG_ANALYZER_NONNULL = YES;
				CLANG_CXX_LANGUAGE_STANDARD = "gnu++0x";
				CLANG_CXX_LIBRARY = "libc++";
				CLANG_ENABLE_MODULES = YES;
				CLANG_ENABLE_OBJC_ARC = YES;
				CLANG_WARN_BOOL_CONVERSION = YES;
				CLANG_WARN_CONSTANT_CONVERSION = YES;
				CLANG_WARN_DIRECT_OBJC_ISA_USAGE = YES_ERROR;
				CLANG_WARN_EMPTY_BODY = YES;
				CLANG_WARN_ENUM_CONVERSION = YES;
				CLANG_WARN_INT_CONVERSION = YES;
				CLANG_WARN_OBJC_ROOT_CLASS = YES_ERROR;
				CLANG_WARN_UNREACHABLE_CODE = YES;
				CLANG_WARN__DUPLICATE_METHOD_MATCH = YES;
				"CODE_SIGN_IDENTITY[sdk=iphoneos*]" = "iPhone Developer";
				COPY_PHASE_STRIP = NO;
				CURRENT_PROJECT_VERSION = 1;
				DEBUG_INFORMATION_FORMAT = dwarf;
				ENABLE_STRICT_OBJC_MSGSEND = YES;
				ENABLE_TESTABILITY = YES;
				GCC_C_LANGUAGE_STANDARD = gnu99;
				GCC_DYNAMIC_NO_PIC = NO;
				GCC_NO_COMMON_BLOCKS = YES;
				GCC_OPTIMIZATION_LEVEL = 0;
				GCC_PREPROCESSOR_DEFINITIONS = (
					"DEBUG=1",
					"$(inherited)",
				);
				GCC_WARN_64_TO_32_BIT_CONVERSION = YES;
				GCC_WARN_ABOUT_RETURN_TYPE = YES_ERROR;
				GCC_WARN_UNDECLARED_SELECTOR = YES;
				GCC_WARN_UNINITIALIZED_AUTOS = YES_AGGRESSIVE;
				GCC_WARN_UNUSED_FUNCTION = YES;
				GCC_WARN_UNUSED_VARIABLE = YES;
				IPHONEOS_DEPLOYMENT_TARGET = 9.3;
				MTL_ENABLE_DEBUG_INFO = YES;
				ONLY_ACTIVE_ARCH = YES;
				SDKROOT = iphoneos;
				TARGETED_DEVICE_FAMILY = "1,2";
				VERSIONING_SYSTEM = "apple-generic";
				VERSION_INFO_PREFIX = "";
			};
			name = Debug;
		};
		0E1BD8DE1E65006D004D56F7 /* Release */ = {
			isa = XCBuildConfiguration;
			buildSettings = {
				ALWAYS_SEARCH_USER_PATHS = NO;
				CLANG_ANALYZER_NONNULL = YES;
				CLANG_CXX_LANGUAGE_STANDARD = "gnu++0x";
				CLANG_CXX_LIBRARY = "libc++";
				CLANG_ENABLE_MODULES = YES;
				CLANG_ENABLE_OBJC_ARC = YES;
				CLANG_WARN_BOOL_CONVERSION = YES;
				CLANG_WARN_CONSTANT_CONVERSION = YES;
				CLANG_WARN_DIRECT_OBJC_ISA_USAGE = YES_ERROR;
				CLANG_WARN_EMPTY_BODY = YES;
				CLANG_WARN_ENUM_CONVERSION = YES;
				CLANG_WARN_INT_CONVERSION = YES;
				CLANG_WARN_OBJC_ROOT_CLASS = YES_ERROR;
				CLANG_WARN_UNREACHABLE_CODE = YES;
				CLANG_WARN__DUPLICATE_METHOD_MATCH = YES;
				"CODE_SIGN_IDENTITY[sdk=iphoneos*]" = "iPhone Developer";
				COPY_PHASE_STRIP = NO;
				CURRENT_PROJECT_VERSION = 1;
				DEBUG_INFORMATION_FORMAT = "dwarf-with-dsym";
				ENABLE_NS_ASSERTIONS = NO;
				ENABLE_STRICT_OBJC_MSGSEND = YES;
				GCC_C_LANGUAGE_STANDARD = gnu99;
				GCC_NO_COMMON_BLOCKS = YES;
				GCC_WARN_64_TO_32_BIT_CONVERSION = YES;
				GCC_WARN_ABOUT_RETURN_TYPE = YES_ERROR;
				GCC_WARN_UNDECLARED_SELECTOR = YES;
				GCC_WARN_UNINITIALIZED_AUTOS = YES_AGGRESSIVE;
				GCC_WARN_UNUSED_FUNCTION = YES;
				GCC_WARN_UNUSED_VARIABLE = YES;
				IPHONEOS_DEPLOYMENT_TARGET = 9.3;
				MTL_ENABLE_DEBUG_INFO = NO;
				SDKROOT = iphoneos;
				TARGETED_DEVICE_FAMILY = "1,2";
				VALIDATE_PRODUCT = YES;
				VERSIONING_SYSTEM = "apple-generic";
				VERSION_INFO_PREFIX = "";
			};
			name = Release;
		};
		0E1BD8E01E65006D004D56F7 /* Debug */ = {
			isa = XCBuildConfiguration;
			buildSettings = {
				DEFINES_MODULE = YES;
				DYLIB_COMPATIBILITY_VERSION = 1;
				DYLIB_CURRENT_VERSION = 1;
				DYLIB_INSTALL_NAME_BASE = "@rpath";
				GCC_PREFIX_HEADER = "";
				INFOPLIST_FILE = CKCoreDataHelper/Info.plist;
				INSTALL_PATH = "$(LOCAL_LIBRARY_DIR)/Frameworks";
				IPHONEOS_DEPLOYMENT_TARGET = 8.0;
				LD_RUNPATH_SEARCH_PATHS = "$(inherited) @executable_path/Frameworks @loader_path/Frameworks";
				PRODUCT_BUNDLE_IDENTIFIER = cn.robotbros.CKCoreDataHelper;
				PRODUCT_NAME = "$(TARGET_NAME)";
				SKIP_INSTALL = YES;
			};
			name = Debug;
		};
		0E1BD8E11E65006D004D56F7 /* Release */ = {
			isa = XCBuildConfiguration;
			buildSettings = {
				DEFINES_MODULE = YES;
				DYLIB_COMPATIBILITY_VERSION = 1;
				DYLIB_CURRENT_VERSION = 1;
				DYLIB_INSTALL_NAME_BASE = "@rpath";
				GCC_PREFIX_HEADER = "";
				INFOPLIST_FILE = CKCoreDataHelper/Info.plist;
				INSTALL_PATH = "$(LOCAL_LIBRARY_DIR)/Frameworks";
				IPHONEOS_DEPLOYMENT_TARGET = 8.0;
				LD_RUNPATH_SEARCH_PATHS = "$(inherited) @executable_path/Frameworks @loader_path/Frameworks";
				PRODUCT_BUNDLE_IDENTIFIER = cn.robotbros.CKCoreDataHelper;
				PRODUCT_NAME = "$(TARGET_NAME)";
				SKIP_INSTALL = YES;
			};
			name = Release;
		};
		0E1BD8E31E65006D004D56F7 /* Debug */ = {
			isa = XCBuildConfiguration;
			buildSettings = {
				INFOPLIST_FILE = CKCoreDataHelperTests/Info.plist;
				LD_RUNPATH_SEARCH_PATHS = "$(inherited) @executable_path/Frameworks @loader_path/Frameworks";
				PRODUCT_BUNDLE_IDENTIFIER = cn.robotbros.CKCoreDataHelperTests;
				PRODUCT_NAME = "$(TARGET_NAME)";
			};
			name = Debug;
		};
		0E1BD8E41E65006D004D56F7 /* Release */ = {
			isa = XCBuildConfiguration;
			buildSettings = {
				INFOPLIST_FILE = CKCoreDataHelperTests/Info.plist;
				LD_RUNPATH_SEARCH_PATHS = "$(inherited) @executable_path/Frameworks @loader_path/Frameworks";
				PRODUCT_BUNDLE_IDENTIFIER = cn.robotbros.CKCoreDataHelperTests;
				PRODUCT_NAME = "$(TARGET_NAME)";
			};
			name = Release;
		};
/* End XCBuildConfiguration section */

/* Begin XCConfigurationList section */
		0E1BD8C51E65006D004D56F7 /* Build configuration list for PBXProject "CKCoreDataHelper" */ = {
			isa = XCConfigurationList;
			buildConfigurations = (
				0E1BD8DD1E65006D004D56F7 /* Debug */,
				0E1BD8DE1E65006D004D56F7 /* Release */,
			);
			defaultConfigurationIsVisible = 0;
			defaultConfigurationName = Release;
		};
		0E1BD8DF1E65006D004D56F7 /* Build configuration list for PBXNativeTarget "CKCoreDataHelper" */ = {
			isa = XCConfigurationList;
			buildConfigurations = (
				0E1BD8E01E65006D004D56F7 /* Debug */,
				0E1BD8E11E65006D004D56F7 /* Release */,
			);
			defaultConfigurationIsVisible = 0;
			defaultConfigurationName = Release;
		};
		0E1BD8E21E65006D004D56F7 /* Build configuration list for PBXNativeTarget "CKCoreDataHelperTests" */ = {
			isa = XCConfigurationList;
			buildConfigurations = (
				0E1BD8E31E65006D004D56F7 /* Debug */,
				0E1BD8E41E65006D004D56F7 /* Release */,
			);
			defaultConfigurationIsVisible = 0;
			defaultConfigurationName = Release;
		};
/* End XCConfigurationList section */

/* Begin XCVersionGroup section */
		0E4C53051E665B5400729A91 /* Model.xcdatamodeld */ = {
			isa = XCVersionGroup;
			children = (
				0EDF17911E67BE9F00785659 /* Model v4.xcdatamodel */,
				0EDF178C1E67B87200785659 /* Model v3.xcdatamodel */,
				0EDF17891E67A11000785659 /* Model v2.xcdatamodel */,
				0E4C53061E665B5400729A91 /* Model.xcdatamodel */,
			);
			currentVersion = 0EDF17911E67BE9F00785659 /* Model v4.xcdatamodel */;
			path = Model.xcdatamodeld;
			sourceTree = "<group>";
			versionGroupType = wrapper.xcdatamodel;
		};
/* End XCVersionGroup section */
	};
	rootObject = 0E1BD8C21E65006D004D56F7 /* Project object */;
}
