// !$*UTF8*$!
{
	archiveVersion = 1;
	classes = {
	};
	objectVersion = 46;
	objects = {

/* Begin PBXBuildFile section */
		0E3B2D911E6866C90017AE19 /* main.m in Sources */ = {isa = PBXBuildFile; fileRef = 0E3B2D901E6866C90017AE19 /* main.m */; };
		0E3B2D941E6866C90017AE19 /* AppDelegate.m in Sources */ = {isa = PBXBuildFile; fileRef = 0E3B2D931E6866C90017AE19 /* AppDelegate.m */; };
		0E3B2D971E6866C90017AE19 /* ViewController.m in Sources */ = {isa = PBXBuildFile; fileRef = 0E3B2D961E6866C90017AE19 /* ViewController.m */; };
		0E3B2D9A1E6866C90017AE19 /* Main.storyboard in Resources */ = {isa = PBXBuildFile; fileRef = 0E3B2D981E6866C90017AE19 /* Main.storyboard */; };
		0E3B2D9C1E6866C90017AE19 /* Assets.xcassets in Resources */ = {isa = PBXBuildFile; fileRef = 0E3B2D9B1E6866C90017AE19 /* Assets.xcassets */; };
		0E3B2D9F1E6866C90017AE19 /* LaunchScreen.storyboard in Resources */ = {isa = PBXBuildFile; fileRef = 0E3B2D9D1E6866C90017AE19 /* LaunchScreen.storyboard */; };
		0E3B2DAA1E6866C90017AE19 /* ConvenKitExampleTests.m in Sources */ = {isa = PBXBuildFile; fileRef = 0E3B2DA91E6866C90017AE19 /* ConvenKitExampleTests.m */; };
/* End PBXBuildFile section */

/* Begin PBXContainerItemProxy section */
		0E3B2DA61E6866C90017AE19 /* PBXContainerItemProxy */ = {
			isa = PBXContainerItemProxy;
			containerPortal = 0E3B2D841E6866C90017AE19 /* Project object */;
			proxyType = 1;
			remoteGlobalIDString = 0E3B2D8B1E6866C90017AE19;
			remoteInfo = ConvenKitExample;
		};
/* End PBXContainerItemProxy section */

/* Begin PBXFileReference section */
		0E3B2D8C1E6866C90017AE19 /* ConvenKitExample.app */ = {isa = PBXFileReference; explicitFileType = wrapper.application; includeInIndex = 0; path = ConvenKitExample.app; sourceTree = BUILT_PRODUCTS_DIR; };
		0E3B2D901E6866C90017AE19 /* main.m */ = {isa = PBXFileReference; lastKnownFileType = sourcecode.c.objc; path = main.m; sourceTree = "<group>"; };
		0E3B2D921E6866C90017AE19 /* AppDelegate.h */ = {isa = PBXFileReference; lastKnownFileType = sourcecode.c.h; path = AppDelegate.h; sourceTree = "<group>"; };
		0E3B2D931E6866C90017AE19 /* AppDelegate.m */ = {isa = PBXFileReference; lastKnownFileType = sourcecode.c.objc; path = AppDelegate.m; sourceTree = "<group>"; };
		0E3B2D951E6866C90017AE19 /* ViewController.h */ = {isa = PBXFileReference; lastKnownFileType = sourcecode.c.h; path = ViewController.h; sourceTree = "<group>"; };
		0E3B2D961E6866C90017AE19 /* ViewController.m */ = {isa = PBXFileReference; lastKnownFileType = sourcecode.c.objc; path = ViewController.m; sourceTree = "<group>"; };
		0E3B2D991E6866C90017AE19 /* Base */ = {isa = PBXFileReference; lastKnownFileType = file.storyboard; name = Base; path = Base.lproj/Main.storyboard; sourceTree = "<group>"; };
		0E3B2D9B1E6866C90017AE19 /* Assets.xcassets */ = {isa = PBXFileReference; lastKnownFileType = folder.assetcatalog; path = Assets.xcassets; sourceTree = "<group>"; };
		0E3B2D9E1E6866C90017AE19 /* Base */ = {isa = PBXFileReference; lastKnownFileType = file.storyboard; name = Base; path = Base.lproj/LaunchScreen.storyboard; sourceTree = "<group>"; };
		0E3B2DA01E6866C90017AE19 /* Info.plist */ = {isa = PBXFileReference; lastKnownFileType = text.plist.xml; path = Info.plist; sourceTree = "<group>"; };
		0E3B2DA51E6866C90017AE19 /* ConvenKitExampleTests.xctest */ = {isa = PBXFileReference; explicitFileType = wrapper.cfbundle; includeInIndex = 0; path = ConvenKitExampleTests.xctest; sourceTree = BUILT_PRODUCTS_DIR; };
		0E3B2DA91E6866C90017AE19 /* ConvenKitExampleTests.m */ = {isa = PBXFileReference; lastKnownFileType = sourcecode.c.objc; path = ConvenKitExampleTests.m; sourceTree = "<group>"; };
		0E3B2DAB1E6866C90017AE19 /* Info.plist */ = {isa = PBXFileReference; lastKnownFileType = text.plist.xml; path = Info.plist; sourceTree = "<group>"; };
/* End PBXFileReference section */

/* Begin PBXFrameworksBuildPhase section */
		0E3B2D891E6866C90017AE19 /* Frameworks */ = {
			isa = PBXFrameworksBuildPhase;
			buildActionMask = 2147483647;
			files = (
			);
			runOnlyForDeploymentPostprocessing = 0;
		};
		0E3B2DA21E6866C90017AE19 /* Frameworks */ = {
			isa = PBXFrameworksBuildPhase;
			buildActionMask = 2147483647;
			files = (
			);
			runOnlyForDeploymentPostprocessing = 0;
		};
/* End PBXFrameworksBuildPhase section */

/* Begin PBXGroup section */
		0E3B2D831E6866C90017AE19 = {
			isa = PBXGroup;
			children = (
				0E3B2D8E1E6866C90017AE19 /* ConvenKitExample */,
				0E3B2DA81E6866C90017AE19 /* ConvenKitExampleTests */,
				0E3B2D8D1E6866C90017AE19 /* Products */,
			);
			sourceTree = "<group>";
		};
		0E3B2D8D1E6866C90017AE19 /* Products */ = {
			isa = PBXGroup;
			children = (
				0E3B2D8C1E6866C90017AE19 /* ConvenKitExample.app */,
				0E3B2DA51E6866C90017AE19 /* ConvenKitExampleTests.xctest */,
			);
			name = Products;
			sourceTree = "<group>";
		};
		0E3B2D8E1E6866C90017AE19 /* ConvenKitExample */ = {
			isa = PBXGroup;
			children = (
				0E3B2D921E6866C90017AE19 /* AppDelegate.h */,
				0E3B2D931E6866C90017AE19 /* AppDelegate.m */,
				0E3B2D951E6866C90017AE19 /* ViewController.h */,
				0E3B2D961E6866C90017AE19 /* ViewController.m */,
				0E3B2D981E6866C90017AE19 /* Main.storyboard */,
				0E3B2D9B1E6866C90017AE19 /* Assets.xcassets */,
				0E3B2D9D1E6866C90017AE19 /* LaunchScreen.storyboard */,
				0E3B2DA01E6866C90017AE19 /* Info.plist */,
				0E3B2D8F1E6866C90017AE19 /* Supporting Files */,
			);
			path = ConvenKitExample;
			sourceTree = "<group>";
		};
		0E3B2D8F1E6866C90017AE19 /* Supporting Files */ = {
			isa = PBXGroup;
			children = (
				0E3B2D901E6866C90017AE19 /* main.m */,
			);
			name = "Supporting Files";
			sourceTree = "<group>";
		};
		0E3B2DA81E6866C90017AE19 /* ConvenKitExampleTests */ = {
			isa = PBXGroup;
			children = (
				0E3B2DA91E6866C90017AE19 /* ConvenKitExampleTests.m */,
				0E3B2DAB1E6866C90017AE19 /* Info.plist */,
			);
			path = ConvenKitExampleTests;
			sourceTree = "<group>";
		};
/* End PBXGroup section */

/* Begin PBXNativeTarget section */
		0E3B2D8B1E6866C90017AE19 /* ConvenKitExample */ = {
			isa = PBXNativeTarget;
			buildConfigurationList = 0E3B2DAE1E6866C90017AE19 /* Build configuration list for PBXNativeTarget "ConvenKitExample" */;
			buildPhases = (
				0E3B2D881E6866C90017AE19 /* Sources */,
				0E3B2D891E6866C90017AE19 /* Frameworks */,
				0E3B2D8A1E6866C90017AE19 /* Resources */,
			);
			buildRules = (
			);
			dependencies = (
			);
			name = ConvenKitExample;
			productName = ConvenKitExample;
			productReference = 0E3B2D8C1E6866C90017AE19 /* ConvenKitExample.app */;
			productType = "com.apple.product-type.application";
		};
		0E3B2DA41E6866C90017AE19 /* ConvenKitExampleTests */ = {
			isa = PBXNativeTarget;
			buildConfigurationList = 0E3B2DB11E6866C90017AE19 /* Build configuration list for PBXNativeTarget "ConvenKitExampleTests" */;
			buildPhases = (
				0E3B2DA11E6866C90017AE19 /* Sources */,
				0E3B2DA21E6866C90017AE19 /* Frameworks */,
				0E3B2DA31E6866C90017AE19 /* Resources */,
			);
			buildRules = (
			);
			dependencies = (
				0E3B2DA71E6866C90017AE19 /* PBXTargetDependency */,
			);
			name = ConvenKitExampleTests;
			productName = ConvenKitExampleTests;
			productReference = 0E3B2DA51E6866C90017AE19 /* ConvenKitExampleTests.xctest */;
			productType = "com.apple.product-type.bundle.unit-test";
		};
/* End PBXNativeTarget section */

/* Begin PBXProject section */
		0E3B2D841E6866C90017AE19 /* Project object */ = {
			isa = PBXProject;
			attributes = {
				LastUpgradeCheck = 0730;
				ORGANIZATIONNAME = RobotBros;
				TargetAttributes = {
					0E3B2D8B1E6866C90017AE19 = {
						CreatedOnToolsVersion = 7.3.1;
					};
					0E3B2DA41E6866C90017AE19 = {
						CreatedOnToolsVersion = 7.3.1;
						TestTargetID = 0E3B2D8B1E6866C90017AE19;
					};
				};
			};
			buildConfigurationList = 0E3B2D871E6866C90017AE19 /* Build configuration list for PBXProject "ConvenKitExample" */;
			compatibilityVersion = "Xcode 3.2";
			developmentRegion = English;
			hasScannedForEncodings = 0;
			knownRegions = (
				en,
				Base,
			);
			mainGroup = 0E3B2D831E6866C90017AE19;
			productRefGroup = 0E3B2D8D1E6866C90017AE19 /* Products */;
			projectDirPath = "";
			projectRoot = "";
			targets = (
				0E3B2D8B1E6866C90017AE19 /* ConvenKitExample */,
				0E3B2DA41E6866C90017AE19 /* ConvenKitExampleTests */,
			);
		};
/* End PBXProject section */

/* Begin PBXResourcesBuildPhase section */
		0E3B2D8A1E6866C90017AE19 /* Resources */ = {
			isa = PBXResourcesBuildPhase;
			buildActionMask = 2147483647;
			files = (
				0E3B2D9F1E6866C90017AE19 /* LaunchScreen.storyboard in Resources */,
				0E3B2D9C1E6866C90017AE19 /* Assets.xcassets in Resources */,
				0E3B2D9A1E6866C90017AE19 /* Main.storyboard in Resources */,
			);
			runOnlyForDeploymentPostprocessing = 0;
		};
		0E3B2DA31E6866C90017AE19 /* Resources */ = {
			isa = PBXResourcesBuildPhase;
			buildActionMask = 2147483647;
			files = (
			);
			runOnlyForDeploymentPostprocessing = 0;
		};
/* End PBXResourcesBuildPhase section */

/* Begin PBXSourcesBuildPhase section */
		0E3B2D881E6866C90017AE19 /* Sources */ = {
			isa = PBXSourcesBuildPhase;
			buildActionMask = 2147483647;
			files = (
				0E3B2D971E6866C90017AE19 /* ViewController.m in Sources */,
				0E3B2D941E6866C90017AE19 /* AppDelegate.m in Sources */,
				0E3B2D911E6866C90017AE19 /* main.m in Sources */,
			);
			runOnlyForDeploymentPostprocessing = 0;
		};
		0E3B2DA11E6866C90017AE19 /* Sources */ = {
			isa = PBXSourcesBuildPhase;
			buildActionMask = 2147483647;
			files = (
				0E3B2DAA1E6866C90017AE19 /* ConvenKitExampleTests.m in Sources */,
			);
			runOnlyForDeploymentPostprocessing = 0;
		};
/* End PBXSourcesBuildPhase section */

/* Begin PBXTargetDependency section */
		0E3B2DA71E6866C90017AE19 /* PBXTargetDependency */ = {
			isa = PBXTargetDependency;
			target = 0E3B2D8B1E6866C90017AE19 /* ConvenKitExample */;
			targetProxy = 0E3B2DA61E6866C90017AE19 /* PBXContainerItemProxy */;
		};
/* End PBXTargetDependency section */

/* Begin PBXVariantGroup section */
		0E3B2D981E6866C90017AE19 /* Main.storyboard */ = {
			isa = PBXVariantGroup;
			children = (
				0E3B2D991E6866C90017AE19 /* Base */,
			);
			name = Main.storyboard;
			sourceTree = "<group>";
		};
		0E3B2D9D1E6866C90017AE19 /* LaunchScreen.storyboard */ = {
			isa = PBXVariantGroup;
			children = (
				0E3B2D9E1E6866C90017AE19 /* Base */,
			);
			name = LaunchScreen.storyboard;
			sourceTree = "<group>";
		};
/* End PBXVariantGroup section */

/* Begin XCBuildConfiguration section */
		0E3B2DAC1E6866C90017AE19 /* Debug */ = {
			isa = XCBuildConfiguration;
			buildSettings = {
				ALWAYS_SEARCH_USER_PATHS = NO;
				CLANG_ANALYZER_NONNULL = YES;
				CLANG_CXX_LANGUAGE_STANDARD = "gnu++0x";
				CLANG_CXX_LIBRARY = "libc++";
				CLANG_ENABLE_MODULES = YES;
				CLANG_ENABLE_OBJC_ARC = YES;
				CLANG_WARN_BOOL_CONVERSION = YES;
				CLANG_WARN_CONSTANT_CONVERSION = YES;
				CLANG_WARN_DIRECT_OBJC_ISA_USAGE = YES_ERROR;
				CLANG_WARN_EMPTY_BODY = YES;
				CLANG_WARN_ENUM_CONVERSION = YES;
				CLANG_WARN_INT_CONVERSION = YES;
				CLANG_WARN_OBJC_ROOT_CLASS = YES_ERROR;
				CLANG_WARN_UNREACHABLE_CODE = YES;
				CLANG_WARN__DUPLICATE_METHOD_MATCH = YES;
				"CODE_SIGN_IDENTITY[sdk=iphoneos*]" = "iPhone Developer";
				COPY_PHASE_STRIP = NO;
				DEBUG_INFORMATION_FORMAT = dwarf;
				ENABLE_STRICT_OBJC_MSGSEND = YES;
				ENABLE_TESTABILITY = YES;
				GCC_C_LANGUAGE_STANDARD = gnu99;
				GCC_DYNAMIC_NO_PIC = NO;
				GCC_NO_COMMON_BLOCKS = YES;
				GCC_OPTIMIZATION_LEVEL = 0;
				GCC_PREPROCESSOR_DEFINITIONS = (
					"DEBUG=1",
					"$(inherited)",
				);
				GCC_WARN_64_TO_32_BIT_CONVERSION = YES;
				GCC_WARN_ABOUT_RETURN_TYPE = YES_ERROR;
				GCC_WARN_UNDECLARED_SELECTOR = YES;
				GCC_WARN_UNINITIALIZED_AUTOS = YES_AGGRESSIVE;
				GCC_WARN_UNUSED_FUNCTION = YES;
				GCC_WARN_UNUSED_VARIABLE = YES;
				IPHONEOS_DEPLOYMENT_TARGET = 9.3;
				MTL_ENABLE_DEBUG_INFO = YES;
				ONLY_ACTIVE_ARCH = YES;
				SDKROOT = iphoneos;
				TARGETED_DEVICE_FAMILY = "1,2";
			};
			name = Debug;
		};
		0E3B2DAD1E6866C90017AE19 /* Release */ = {
			isa = XCBuildConfiguration;
			buildSettings = {
				ALWAYS_SEARCH_USER_PATHS = NO;
				CLANG_ANALYZER_NONNULL = YES;
				CLANG_CXX_LANGUAGE_STANDARD = "gnu++0x";
				CLANG_CXX_LIBRARY = "libc++";
				CLANG_ENABLE_MODULES = YES;
				CLANG_ENABLE_OBJC_ARC = YES;
				CLANG_WARN_BOOL_CONVERSION = YES;
				CLANG_WARN_CONSTANT_CONVERSION = YES;
				CLANG_WARN_DIRECT_OBJC_ISA_USAGE = YES_ERROR;
				CLANG_WARN_EMPTY_BODY = YES;
				CLANG_WARN_ENUM_CONVERSION = YES;
				CLANG_WARN_INT_CONVERSION = YES;
				CLANG_WARN_OBJC_ROOT_CLASS = YES_ERROR;
				CLANG_WARN_UNREACHABLE_CODE = YES;
				CLANG_WARN__DUPLICATE_METHOD_MATCH = YES;
				"CODE_SIGN_IDENTITY[sdk=iphoneos*]" = "iPhone Developer";
				COPY_PHASE_STRIP = NO;
				DEBUG_INFORMATION_FORMAT = "dwarf-with-dsym";
				ENABLE_NS_ASSERTIONS = NO;
				ENABLE_STRICT_OBJC_MSGSEND = YES;
				GCC_C_LANGUAGE_STANDARD = gnu99;
				GCC_NO_COMMON_BLOCKS = YES;
				GCC_WARN_64_TO_32_BIT_CONVERSION = YES;
				GCC_WARN_ABOUT_RETURN_TYPE = YES_ERROR;
				GCC_WARN_UNDECLARED_SELECTOR = YES;
				GCC_WARN_UNINITIALIZED_AUTOS = YES_AGGRESSIVE;
				GCC_WARN_UNUSED_FUNCTION = YES;
				GCC_WARN_UNUSED_VARIABLE = YES;
				IPHONEOS_DEPLOYMENT_TARGET = 9.3;
				MTL_ENABLE_DEBUG_INFO = NO;
				SDKROOT = iphoneos;
				TARGETED_DEVICE_FAMILY = "1,2";
				VALIDATE_PRODUCT = YES;
			};
			name = Release;
		};
		0E3B2DAF1E6866C90017AE19 /* Debug */ = {
			isa = XCBuildConfiguration;
			buildSettings = {
				ASSETCATALOG_COMPILER_APPICON_NAME = AppIcon;
				INFOPLIST_FILE = ConvenKitExample/Info.plist;
				LD_RUNPATH_SEARCH_PATHS = "$(inherited) @executable_path/Frameworks";
				PRODUCT_BUNDLE_IDENTIFIER = cn.robotbros.ConvenKitExample;
				PRODUCT_NAME = "$(TARGET_NAME)";
			};
			name = Debug;
		};
		0E3B2DB01E6866C90017AE19 /* Release */ = {
			isa = XCBuildConfiguration;
			buildSettings = {
				ASSETCATALOG_COMPILER_APPICON_NAME = AppIcon;
				INFOPLIST_FILE = ConvenKitExample/Info.plist;
				LD_RUNPATH_SEARCH_PATHS = "$(inherited) @executable_path/Frameworks";
				PRODUCT_BUNDLE_IDENTIFIER = cn.robotbros.ConvenKitExample;
				PRODUCT_NAME = "$(TARGET_NAME)";
			};
			name = Release;
		};
		0E3B2DB21E6866C90017AE19 /* Debug */ = {
			isa = XCBuildConfiguration;
			buildSettings = {
				BUNDLE_LOADER = "$(TEST_HOST)";
				INFOPLIST_FILE = ConvenKitExampleTests/Info.plist;
				LD_RUNPATH_SEARCH_PATHS = "$(inherited) @executable_path/Frameworks @loader_path/Frameworks";
				PRODUCT_BUNDLE_IDENTIFIER = cn.robotbros.ConvenKitExampleTests;
				PRODUCT_NAME = "$(TARGET_NAME)";
				TEST_HOST = "$(BUILT_PRODUCTS_DIR)/ConvenKitExample.app/ConvenKitExample";
			};
			name = Debug;
		};
		0E3B2DB31E6866C90017AE19 /* Release */ = {
			isa = XCBuildConfiguration;
			buildSettings = {
				BUNDLE_LOADER = "$(TEST_HOST)";
				INFOPLIST_FILE = ConvenKitExampleTests/Info.plist;
				LD_RUNPATH_SEARCH_PATHS = "$(inherited) @executable_path/Frameworks @loader_path/Frameworks";
				PRODUCT_BUNDLE_IDENTIFIER = cn.robotbros.ConvenKitExampleTests;
				PRODUCT_NAME = "$(TARGET_NAME)";
				TEST_HOST = "$(BUILT_PRODUCTS_DIR)/ConvenKitExample.app/ConvenKitExample";
			};
			name = Release;
		};
/* End XCBuildConfiguration section */

/* Begin XCConfigurationList section */
		0E3B2D871E6866C90017AE19 /* Build configuration list for PBXProject "ConvenKitExample" */ = {
			isa = XCConfigurationList;
			buildConfigurations = (
				0E3B2DAC1E6866C90017AE19 /* Debug */,
				0E3B2DAD1E6866C90017AE19 /* Release */,
			);
			defaultConfigurationIsVisible = 0;
			defaultConfigurationName = Release;
		};
		0E3B2DAE1E6866C90017AE19 /* Build configuration list for PBXNativeTarget "ConvenKitExample" */ = {
			isa = XCConfigurationList;
			buildConfigurations = (
				0E3B2DAF1E6866C90017AE19 /* Debug */,
				0E3B2DB01E6866C90017AE19 /* Release */,
			);
			defaultConfigurationIsVisible = 0;
		};
		0E3B2DB11E6866C90017AE19 /* Build configuration list for PBXNativeTarget "ConvenKitExampleTests" */ = {
			isa = XCConfigurationList;
			buildConfigurations = (
				0E3B2DB21E6866C90017AE19 /* Debug */,
				0E3B2DB31E6866C90017AE19 /* Release */,
			);
			defaultConfigurationIsVisible = 0;
		};
/* End XCConfigurationList section */
	};
	rootObject = 0E3B2D841E6866C90017AE19 /* Project object */;
}
